
Microsoft Visual Studio Solution File, Format Version 12.00
# Visual Studio Version 16
VisualStudioVersion = 16.0.29503.13
MinimumVisualStudioVersion = 10.0.40219.1
Project("{9A19103F-16F7-4668-BE54-9A1E7A4F7556}") = "Otamajakushi", "Otamajakushi\Otamajakushi.csproj", "{68117B34-D623-4BCB-924A-92DA324BAA1E}"
EndProject
Project("{FAE04EC0-301F-11D3-BF4B-00C04F79EFBC}") = "UnitTest", "UnitTest\UnitTest.csproj", "{DD168E58-94D4-475F-8DE9-CAF1131435CE}"
EndProject
Global
	GlobalSection(SolutionConfigurationPlatforms) = preSolution
		Debug|Any CPU = Debug|Any CPU
		Release|Any CPU = Release|Any CPU
	EndGlobalSection
	GlobalSection(ProjectConfigurationPlatforms) = postSolution
		{68117B34-D623-4BCB-924A-92DA324BAA1E}.Debug|Any CPU.ActiveCfg = Debug|Any CPU
		{68117B34-D623-4BCB-924A-92DA324BAA1E}.Debug|Any CPU.Build.0 = Debug|Any CPU
		{68117B34-D623-4BCB-924A-92DA324BAA1E}.Release|Any CPU.ActiveCfg = Release|Any CPU
		{68117B34-D623-4BCB-924A-92DA324BAA1E}.Release|Any CPU.Build.0 = Release|Any CPU
		{DD168E58-94D4-475F-8DE9-CAF1131435CE}.Debug|Any CPU.ActiveCfg = Debug|Any CPU
		{DD168E58-94D4-475F-8DE9-CAF1131435CE}.Debug|Any CPU.Build.0 = Debug|Any CPU
		{DD168E58-94D4-475F-8DE9-CAF1131435CE}.Release|Any CPU.ActiveCfg = Release|Any CPU
		{DD168E58-94D4-475F-8DE9-CAF1131435CE}.Release|Any CPU.Build.0 = Release|Any CPU
	EndGlobalSection
	GlobalSection(SolutionProperties) = preSolution
		HideSolutionNode = FALSE
	EndGlobalSection
	GlobalSection(ExtensibilityGlobals) = postSolution
		SolutionGuid = {5FD555A1-D4FF-4035-A0E2-E9D26C594435}
	EndGlobalSection
EndGlobal
